
Microsoft Visual Studio Solution File, Format Version 12.00
# Visual Studio 14
VisualStudioVersion = 14.0.24720.0
MinimumVisualStudioVersion = 10.0.40219.1
Project("{FAE04EC0-301F-11D3-BF4B-00C04F79EFBC}") = "Modulo.AuthorizedApplicationExample", "Modulo.AuthorizedApplicationExample\Modulo.AuthorizedApplicationExample.csproj", "{02E265F6-2E49-44EE-945B-349F98F4C7C6}"
EndProject
Project("{FAE04EC0-301F-11D3-BF4B-00C04F79EFBC}") = "Modulo.AuthorizedApplicationExample.Tests", "Modulo.AuthorizedApplicationExample.Tests\Modulo.AuthorizedApplicationExample.Tests.csproj", "{6C7FDF7B-A58B-443F-A971-5E4593977EE8}"
EndProject
Project("{2150E333-8FDC-42A3-9474-1A3956D46DE8}") = "Application", "Application", "{E1E33100-D241-4544-87DD-5074F5E1FA52}"
EndProject
Project("{2150E333-8FDC-42A3-9474-1A3956D46DE8}") = "Web", "Web", "{06E75830-0353-434D-89EC-5970AB775841}"
EndProject
Project("{FAE04EC0-301F-11D3-BF4B-00C04F79EFBC}") = "Modulo.AuthorizedApplicationExample.Services", "Modulo.AuthorizedApplicationExample.Services\Modulo.AuthorizedApplicationExample.Services.csproj", "{FB605A73-6838-464C-9837-812377E61D4C}"
EndProject
Project("{2150E333-8FDC-42A3-9474-1A3956D46DE8}") = "Desktop", "Desktop", "{66874D9A-E2B2-4778-B3BF-F5D2DA1E8473}"
EndProject
Project("{FAE04EC0-301F-11D3-BF4B-00C04F79EFBC}") = "Modulo.Samples.Authorization.WindowsForms", "Modulo.Samples.Authorization.WindowsForms\Modulo.Samples.Authorization.WindowsForms.csproj", "{5863AEB6-A31F-4E1A-B21E-F22E24475B6E}"
EndProject
Global
	GlobalSection(SolutionConfigurationPlatforms) = preSolution
		Debug|Any CPU = Debug|Any CPU
		Debug|x64 = Debug|x64
		Release|Any CPU = Release|Any CPU
		Release|x64 = Release|x64
	EndGlobalSection
	GlobalSection(ProjectConfigurationPlatforms) = postSolution
		{02E265F6-2E49-44EE-945B-349F98F4C7C6}.Debug|Any CPU.ActiveCfg = Debug|Any CPU
		{02E265F6-2E49-44EE-945B-349F98F4C7C6}.Debug|Any CPU.Build.0 = Debug|Any CPU
		{02E265F6-2E49-44EE-945B-349F98F4C7C6}.Debug|x64.ActiveCfg = Debug|x64
		{02E265F6-2E49-44EE-945B-349F98F4C7C6}.Debug|x64.Build.0 = Debug|x64
		{02E265F6-2E49-44EE-945B-349F98F4C7C6}.Release|Any CPU.ActiveCfg = Release|Any CPU
		{02E265F6-2E49-44EE-945B-349F98F4C7C6}.Release|Any CPU.Build.0 = Release|Any CPU
		{02E265F6-2E49-44EE-945B-349F98F4C7C6}.Release|x64.ActiveCfg = Release|x64
		{02E265F6-2E49-44EE-945B-349F98F4C7C6}.Release|x64.Build.0 = Release|x64
		{6C7FDF7B-A58B-443F-A971-5E4593977EE8}.Debug|Any CPU.ActiveCfg = Debug|Any CPU
		{6C7FDF7B-A58B-443F-A971-5E4593977EE8}.Debug|Any CPU.Build.0 = Debug|Any CPU
		{6C7FDF7B-A58B-443F-A971-5E4593977EE8}.Debug|x64.ActiveCfg = Debug|x64
		{6C7FDF7B-A58B-443F-A971-5E4593977EE8}.Debug|x64.Build.0 = Debug|x64
		{6C7FDF7B-A58B-443F-A971-5E4593977EE8}.Release|Any CPU.ActiveCfg = Release|Any CPU
		{6C7FDF7B-A58B-443F-A971-5E4593977EE8}.Release|Any CPU.Build.0 = Release|Any CPU
		{6C7FDF7B-A58B-443F-A971-5E4593977EE8}.Release|x64.ActiveCfg = Release|x64
		{6C7FDF7B-A58B-443F-A971-5E4593977EE8}.Release|x64.Build.0 = Release|x64
		{FB605A73-6838-464C-9837-812377E61D4C}.Debug|Any CPU.ActiveCfg = Debug|Any CPU
		{FB605A73-6838-464C-9837-812377E61D4C}.Debug|Any CPU.Build.0 = Debug|Any CPU
		{FB605A73-6838-464C-9837-812377E61D4C}.Debug|x64.ActiveCfg = Debug|x64
		{FB605A73-6838-464C-9837-812377E61D4C}.Debug|x64.Build.0 = Debug|x64
		{FB605A73-6838-464C-9837-812377E61D4C}.Release|Any CPU.ActiveCfg = Release|Any CPU
		{FB605A73-6838-464C-9837-812377E61D4C}.Release|Any CPU.Build.0 = Release|Any CPU
		{FB605A73-6838-464C-9837-812377E61D4C}.Release|x64.ActiveCfg = Release|x64
		{FB605A73-6838-464C-9837-812377E61D4C}.Release|x64.Build.0 = Release|x64
		{5863AEB6-A31F-4E1A-B21E-F22E24475B6E}.Debug|Any CPU.ActiveCfg = Debug|Any CPU
		{5863AEB6-A31F-4E1A-B21E-F22E24475B6E}.Debug|Any CPU.Build.0 = Debug|Any CPU
		{5863AEB6-A31F-4E1A-B21E-F22E24475B6E}.Debug|x64.ActiveCfg = Debug|x64
		{5863AEB6-A31F-4E1A-B21E-F22E24475B6E}.Debug|x64.Build.0 = Debug|x64
		{5863AEB6-A31F-4E1A-B21E-F22E24475B6E}.Release|Any CPU.ActiveCfg = Release|Any CPU
		{5863AEB6-A31F-4E1A-B21E-F22E24475B6E}.Release|Any CPU.Build.0 = Release|Any CPU
		{5863AEB6-A31F-4E1A-B21E-F22E24475B6E}.Release|x64.ActiveCfg = Release|x64
		{5863AEB6-A31F-4E1A-B21E-F22E24475B6E}.Release|x64.Build.0 = Release|x64
	EndGlobalSection
	GlobalSection(SolutionProperties) = preSolution
		HideSolutionNode = FALSE
	EndGlobalSection
	GlobalSection(NestedProjects) = preSolution
		{02E265F6-2E49-44EE-945B-349F98F4C7C6} = {06E75830-0353-434D-89EC-5970AB775841}
		{6C7FDF7B-A58B-443F-A971-5E4593977EE8} = {06E75830-0353-434D-89EC-5970AB775841}
		{FB605A73-6838-464C-9837-812377E61D4C} = {E1E33100-D241-4544-87DD-5074F5E1FA52}
		{5863AEB6-A31F-4E1A-B21E-F22E24475B6E} = {66874D9A-E2B2-4778-B3BF-F5D2DA1E8473}
	EndGlobalSection
EndGlobal
